// !$*UTF8*$!
{
	archiveVersion = 1;
	classes = {
	};
	objectVersion = 70;
	objects = {

/* Begin PBXBuildFile section */
		03010BD32CB0C5CF004095FB /* StressShieldApp.swift in Sources */ = {isa = PBXBuildFile; fileRef = 03010BD22CB0C5CF004095FB /* StressShieldApp.swift */; };
		03010BD52CB0C5CF004095FB /* MainView.swift in Sources */ = {isa = PBXBuildFile; fileRef = 03010BD42CB0C5CF004095FB /* MainView.swift */; };
		03010BD72CB0C5D0004095FB /* Assets.xcassets in Resources */ = {isa = PBXBuildFile; fileRef = 03010BD62CB0C5D0004095FB /* Assets.xcassets */; };
		03010BDB2CB0C5D0004095FB /* Preview Assets.xcassets in Resources */ = {isa = PBXBuildFile; fileRef = 03010BDA2CB0C5D0004095FB /* Preview Assets.xcassets */; };
		03010BE32CB0C741004095FB /* FirebaseAuth in Frameworks */ = {isa = PBXBuildFile; productRef = 03010BE22CB0C741004095FB /* FirebaseAuth */; };
		03010BE52CB0C741004095FB /* FirebaseFirestore in Frameworks */ = {isa = PBXBuildFile; productRef = 03010BE42CB0C741004095FB /* FirebaseFirestore */; };
		03010BF12CB0D0C1004095FB /* LoginView.swift in Sources */ = {isa = PBXBuildFile; fileRef = 03010BF02CB0D0C1004095FB /* LoginView.swift */; };
		03010BF32CB0D0EF004095FB /* RegisterView.swift in Sources */ = {isa = PBXBuildFile; fileRef = 03010BF22CB0D0EF004095FB /* RegisterView.swift */; };
		03010BF52CB0D114004095FB /* User.swift in Sources */ = {isa = PBXBuildFile; fileRef = 03010BF42CB0D114004095FB /* User.swift */; };
		03010BF72CB0D150004095FB /* RegisterViewVM.swift in Sources */ = {isa = PBXBuildFile; fileRef = 03010BF62CB0D150004095FB /* RegisterViewVM.swift */; };
		03010BF92CB0D15A004095FB /* LoginViewVM.swift in Sources */ = {isa = PBXBuildFile; fileRef = 03010BF82CB0D15A004095FB /* LoginViewVM.swift */; };
		03010BFB2CB0D171004095FB /* MainViewVM.swift in Sources */ = {isa = PBXBuildFile; fileRef = 03010BFA2CB0D171004095FB /* MainViewVM.swift */; };
		0306C4B92D6E3A1C0068052A /* TutorialView.swift in Sources */ = {isa = PBXBuildFile; fileRef = 0306C4B82D6E3A1C0068052A /* TutorialView.swift */; };
		0306C4BD2D6E3AB50068052A /* TutorialPage.swift in Sources */ = {isa = PBXBuildFile; fileRef = 0306C4BC2D6E3AB50068052A /* TutorialPage.swift */; };
		035615C52CDAACD000FEFF1C /* DataAnalyticsView.swift in Sources */ = {isa = PBXBuildFile; fileRef = 035615C42CDAACD000FEFF1C /* DataAnalyticsView.swift */; };
		035615C72CDAACD900FEFF1C /* LearnView.swift in Sources */ = {isa = PBXBuildFile; fileRef = 035615C62CDAACD900FEFF1C /* LearnView.swift */; };
		035615C92CDAACE700FEFF1C /* CalendarView.swift in Sources */ = {isa = PBXBuildFile; fileRef = 035615C82CDAACE700FEFF1C /* CalendarView.swift */; };
		037762C62D7A00CA00AA4FCE /* DashboardView.swift in Sources */ = {isa = PBXBuildFile; fileRef = 037762C52D7A00CA00AA4FCE /* DashboardView.swift */; };
		037762D42D7A5BFF00AA4FCE /* CheckInView.swift in Sources */ = {isa = PBXBuildFile; fileRef = 037762D32D7A5BFF00AA4FCE /* CheckInView.swift */; };
		03CFF95E2D6EC0AF00726D3C /* Logo.png in Resources */ = {isa = PBXBuildFile; fileRef = 03CFF95D2D6EC0AF00726D3C /* Logo.png */; };
		03E7C4782CB1B3C900643027 /* Extensions.swift in Sources */ = {isa = PBXBuildFile; fileRef = 03E7C4772CB1B3C900643027 /* Extensions.swift */; };
		03E7C47A2CB1B72000643027 /* MainMenuView.swift in Sources */ = {isa = PBXBuildFile; fileRef = 03E7C4792CB1B72000643027 /* MainMenuView.swift */; };
		03E7C47C2CB1C32500643027 /* ProfileView.swift in Sources */ = {isa = PBXBuildFile; fileRef = 03E7C47B2CB1C32500643027 /* ProfileView.swift */; };
		03E7C47E2CB1C3AF00643027 /* ProfileViewVM.swift in Sources */ = {isa = PBXBuildFile; fileRef = 03E7C47D2CB1C3AF00643027 /* ProfileViewVM.swift */; };
		5FC5CE942D5961700030B692 /* LessonProgress.swift in Sources */ = {isa = PBXBuildFile; fileRef = 5FC5CE932D5961690030B692 /* LessonProgress.swift */; };
		5FC5CE982D59D99D0030B692 /* LessonViewModel.swift in Sources */ = {isa = PBXBuildFile; fileRef = 5FC5CE972D59D9900030B692 /* LessonViewModel.swift */; };
		D411E8482D80F07F00FAFDF7 /* DataViewModel.swift in Sources */ = {isa = PBXBuildFile; fileRef = D411E8472D80F07F00FAFDF7 /* DataViewModel.swift */; };
		D4185E5B2D507BC900D187D4 /* LessonModel.swift in Sources */ = {isa = PBXBuildFile; fileRef = D4185E5A2D507BBC00D187D4 /* LessonModel.swift */; };
		D4185E5D2D507CAF00D187D4 /* LessonView.swift in Sources */ = {isa = PBXBuildFile; fileRef = D4185E5C2D507CA900D187D4 /* LessonView.swift */; };
		D4185E5F2D507D5B00D187D4 /* LessonPageView.swift in Sources */ = {isa = PBXBuildFile; fileRef = D4185E5E2D507D4000D187D4 /* LessonPageView.swift */; };
		D4185E692D55606F00D187D4 /* AICoachView.swift in Sources */ = {isa = PBXBuildFile; fileRef = D4185E682D55605E00D187D4 /* AICoachView.swift */; };
		D4185E6C2D5561E100D187D4 /* UpcomingLessonsView.swift in Sources */ = {isa = PBXBuildFile; fileRef = D4185E6B2D5561D900D187D4 /* UpcomingLessonsView.swift */; };
		D4185E7E2D6C418300D187D4 /* FirebaseModuleView.swift in Sources */ = {isa = PBXBuildFile; fileRef = D4185E7D2D6C417A00D187D4 /* FirebaseModuleView.swift */; };
		D4185E802D70202300D187D4 /* FirebaseTools.swift in Sources */ = {isa = PBXBuildFile; fileRef = D4185E7F2D70201000D187D4 /* FirebaseTools.swift */; };
		D4185E822D7107EE00D187D4 /* FirebaseDocumentClasses.swift in Sources */ = {isa = PBXBuildFile; fileRef = D4185E812D7107DD00D187D4 /* FirebaseDocumentClasses.swift */; };
		D4185E862D72379D00D187D4 /* FirebaseVM.swift in Sources */ = {isa = PBXBuildFile; fileRef = D4185E852D72379300D187D4 /* FirebaseVM.swift */; };
		D4185E8A2D76E25100D187D4 /* ModuleViewModel.swift in Sources */ = {isa = PBXBuildFile; fileRef = D4185E892D76E24A00D187D4 /* ModuleViewModel.swift */; };
		D4185E8D2D7ED64000D187D4 /* SDWebImageSwiftUI in Frameworks */ = {isa = PBXBuildFile; productRef = D4185E8C2D7ED64000D187D4 /* SDWebImageSwiftUI */; };
		D4185E8F2D7EDC3600D187D4 /* FirebaseStorage in Frameworks */ = {isa = PBXBuildFile; productRef = D4185E8E2D7EDC3600D187D4 /* FirebaseStorage */; };
		D4185E912D7F612500D187D4 /* FirebaseLessonViewModel.swift in Sources */ = {isa = PBXBuildFile; fileRef = D4185E902D7F610400D187D4 /* FirebaseLessonViewModel.swift */; };
		D4185E932D7FB96F00D187D4 /* FirebaseLessonView.swift in Sources */ = {isa = PBXBuildFile; fileRef = D4185E922D7FB95E00D187D4 /* FirebaseLessonView.swift */; };
		D45E07782CED2CC30088AF4C /* GoogleService-Info.plist in Resources */ = {isa = PBXBuildFile; fileRef = 03010BEA2CB0C875004095FB /* GoogleService-Info.plist */; };
		D46668272CED1010007FFD5D /* HealthDataManager.swift in Sources */ = {isa = PBXBuildFile; fileRef = D46668262CED1010007FFD5D /* HealthDataManager.swift */; };
		D46668292CED1073007FFD5D /* HealthViewModel.swift in Sources */ = {isa = PBXBuildFile; fileRef = D46668282CED1073007FFD5D /* HealthViewModel.swift */; };
		D466682B2CED1083007FFD5D /* TemporaryHealthView.swift in Sources */ = {isa = PBXBuildFile; fileRef = D466682A2CED1083007FFD5D /* TemporaryHealthView.swift */; };
/* End PBXBuildFile section */

/* Begin PBXFileReference section */
		03010BCF2CB0C5CF004095FB /* StressShield.app */ = {isa = PBXFileReference; explicitFileType = wrapper.application; includeInIndex = 0; path = StressShield.app; sourceTree = BUILT_PRODUCTS_DIR; };
		03010BD22CB0C5CF004095FB /* StressShieldApp.swift */ = {isa = PBXFileReference; lastKnownFileType = sourcecode.swift; path = StressShieldApp.swift; sourceTree = "<group>"; };
		03010BD42CB0C5CF004095FB /* MainView.swift */ = {isa = PBXFileReference; lastKnownFileType = sourcecode.swift; path = MainView.swift; sourceTree = "<group>"; };
		03010BD62CB0C5D0004095FB /* Assets.xcassets */ = {isa = PBXFileReference; lastKnownFileType = folder.assetcatalog; path = Assets.xcassets; sourceTree = "<group>"; };
		03010BD82CB0C5D0004095FB /* StressShield.entitlements */ = {isa = PBXFileReference; lastKnownFileType = text.plist.entitlements; path = StressShield.entitlements; sourceTree = "<group>"; };
		03010BDA2CB0C5D0004095FB /* Preview Assets.xcassets */ = {isa = PBXFileReference; lastKnownFileType = folder.assetcatalog; path = "Preview Assets.xcassets"; sourceTree = "<group>"; };
		03010BEA2CB0C875004095FB /* GoogleService-Info.plist */ = {isa = PBXFileReference; fileEncoding = 4; lastKnownFileType = text.plist.xml; path = "GoogleService-Info.plist"; sourceTree = "<group>"; };
		03010BF02CB0D0C1004095FB /* LoginView.swift */ = {isa = PBXFileReference; lastKnownFileType = sourcecode.swift; path = LoginView.swift; sourceTree = "<group>"; };
		03010BF22CB0D0EF004095FB /* RegisterView.swift */ = {isa = PBXFileReference; lastKnownFileType = sourcecode.swift; path = RegisterView.swift; sourceTree = "<group>"; };
		03010BF42CB0D114004095FB /* User.swift */ = {isa = PBXFileReference; lastKnownFileType = sourcecode.swift; path = User.swift; sourceTree = "<group>"; };
		03010BF62CB0D150004095FB /* RegisterViewVM.swift */ = {isa = PBXFileReference; lastKnownFileType = sourcecode.swift; path = RegisterViewVM.swift; sourceTree = "<group>"; };
		03010BF82CB0D15A004095FB /* LoginViewVM.swift */ = {isa = PBXFileReference; lastKnownFileType = sourcecode.swift; path = LoginViewVM.swift; sourceTree = "<group>"; };
		03010BFA2CB0D171004095FB /* MainViewVM.swift */ = {isa = PBXFileReference; lastKnownFileType = sourcecode.swift; path = MainViewVM.swift; sourceTree = "<group>"; };
		0306C4B82D6E3A1C0068052A /* TutorialView.swift */ = {isa = PBXFileReference; lastKnownFileType = sourcecode.swift; path = TutorialView.swift; sourceTree = "<group>"; };
		0306C4BC2D6E3AB50068052A /* TutorialPage.swift */ = {isa = PBXFileReference; lastKnownFileType = sourcecode.swift; path = TutorialPage.swift; sourceTree = "<group>"; };
		035615C42CDAACD000FEFF1C /* DataAnalyticsView.swift */ = {isa = PBXFileReference; lastKnownFileType = sourcecode.swift; path = DataAnalyticsView.swift; sourceTree = "<group>"; };
		035615C62CDAACD900FEFF1C /* LearnView.swift */ = {isa = PBXFileReference; lastKnownFileType = sourcecode.swift; path = LearnView.swift; sourceTree = "<group>"; };
		035615C82CDAACE700FEFF1C /* CalendarView.swift */ = {isa = PBXFileReference; lastKnownFileType = sourcecode.swift; path = CalendarView.swift; sourceTree = "<group>"; };
		037762C52D7A00CA00AA4FCE /* DashboardView.swift */ = {isa = PBXFileReference; lastKnownFileType = sourcecode.swift; path = DashboardView.swift; sourceTree = "<group>"; };
		037762D32D7A5BFF00AA4FCE /* CheckInView.swift */ = {isa = PBXFileReference; lastKnownFileType = sourcecode.swift; path = CheckInView.swift; sourceTree = "<group>"; };
		03CFF95D2D6EC0AF00726D3C /* Logo.png */ = {isa = PBXFileReference; lastKnownFileType = image.png; path = Logo.png; sourceTree = "<group>"; };
		03E7C4772CB1B3C900643027 /* Extensions.swift */ = {isa = PBXFileReference; lastKnownFileType = sourcecode.swift; path = Extensions.swift; sourceTree = "<group>"; };
		03E7C4792CB1B72000643027 /* MainMenuView.swift */ = {isa = PBXFileReference; lastKnownFileType = sourcecode.swift; path = MainMenuView.swift; sourceTree = "<group>"; };
		03E7C47B2CB1C32500643027 /* ProfileView.swift */ = {isa = PBXFileReference; lastKnownFileType = sourcecode.swift; path = ProfileView.swift; sourceTree = "<group>"; };
		03E7C47D2CB1C3AF00643027 /* ProfileViewVM.swift */ = {isa = PBXFileReference; lastKnownFileType = sourcecode.swift; path = ProfileViewVM.swift; sourceTree = "<group>"; };
		5FC5CE932D5961690030B692 /* LessonProgress.swift */ = {isa = PBXFileReference; lastKnownFileType = sourcecode.swift; path = LessonProgress.swift; sourceTree = "<group>"; };
		5FC5CE972D59D9900030B692 /* LessonViewModel.swift */ = {isa = PBXFileReference; lastKnownFileType = sourcecode.swift; path = LessonViewModel.swift; sourceTree = "<group>"; };
		D411E8472D80F07F00FAFDF7 /* DataViewModel.swift */ = {isa = PBXFileReference; lastKnownFileType = sourcecode.swift; path = DataViewModel.swift; sourceTree = "<group>"; };
		D4185E5A2D507BBC00D187D4 /* LessonModel.swift */ = {isa = PBXFileReference; lastKnownFileType = sourcecode.swift; path = LessonModel.swift; sourceTree = "<group>"; };
		D4185E5C2D507CA900D187D4 /* LessonView.swift */ = {isa = PBXFileReference; lastKnownFileType = sourcecode.swift; path = LessonView.swift; sourceTree = "<group>"; };
		D4185E5E2D507D4000D187D4 /* LessonPageView.swift */ = {isa = PBXFileReference; lastKnownFileType = sourcecode.swift; path = LessonPageView.swift; sourceTree = "<group>"; };
		D4185E682D55605E00D187D4 /* AICoachView.swift */ = {isa = PBXFileReference; lastKnownFileType = sourcecode.swift; path = AICoachView.swift; sourceTree = "<group>"; };
		D4185E6B2D5561D900D187D4 /* UpcomingLessonsView.swift */ = {isa = PBXFileReference; lastKnownFileType = sourcecode.swift; path = UpcomingLessonsView.swift; sourceTree = "<group>"; };
		D4185E7D2D6C417A00D187D4 /* FirebaseModuleView.swift */ = {isa = PBXFileReference; lastKnownFileType = sourcecode.swift; path = FirebaseModuleView.swift; sourceTree = "<group>"; };
		D4185E7F2D70201000D187D4 /* FirebaseTools.swift */ = {isa = PBXFileReference; lastKnownFileType = sourcecode.swift; path = FirebaseTools.swift; sourceTree = "<group>"; };
		D4185E812D7107DD00D187D4 /* FirebaseDocumentClasses.swift */ = {isa = PBXFileReference; lastKnownFileType = sourcecode.swift; path = FirebaseDocumentClasses.swift; sourceTree = "<group>"; };
		D4185E852D72379300D187D4 /* FirebaseVM.swift */ = {isa = PBXFileReference; lastKnownFileType = sourcecode.swift; path = FirebaseVM.swift; sourceTree = "<group>"; };
		D4185E892D76E24A00D187D4 /* ModuleViewModel.swift */ = {isa = PBXFileReference; lastKnownFileType = sourcecode.swift; path = ModuleViewModel.swift; sourceTree = "<group>"; };
		D4185E902D7F610400D187D4 /* FirebaseLessonViewModel.swift */ = {isa = PBXFileReference; lastKnownFileType = sourcecode.swift; path = FirebaseLessonViewModel.swift; sourceTree = "<group>"; };
		D4185E922D7FB95E00D187D4 /* FirebaseLessonView.swift */ = {isa = PBXFileReference; lastKnownFileType = sourcecode.swift; path = FirebaseLessonView.swift; sourceTree = "<group>"; };
		D45E07722CED232E0088AF4C /* Info.plist */ = {isa = PBXFileReference; lastKnownFileType = text.plist.xml; path = Info.plist; sourceTree = "<group>"; };
		D45E07762CED2A0A0088AF4C /* Info.plist */ = {isa = PBXFileReference; lastKnownFileType = text.plist.xml; path = Info.plist; sourceTree = "<group>"; };
		D46668262CED1010007FFD5D /* HealthDataManager.swift */ = {isa = PBXFileReference; lastKnownFileType = sourcecode.swift; path = HealthDataManager.swift; sourceTree = "<group>"; };
		D46668282CED1073007FFD5D /* HealthViewModel.swift */ = {isa = PBXFileReference; lastKnownFileType = sourcecode.swift; path = HealthViewModel.swift; sourceTree = "<group>"; };
		D466682A2CED1083007FFD5D /* TemporaryHealthView.swift */ = {isa = PBXFileReference; lastKnownFileType = sourcecode.swift; path = TemporaryHealthView.swift; sourceTree = "<group>"; };
/* End PBXFileReference section */

/* Begin PBXFileSystemSynchronizedBuildFileExceptionSet section */
		5FC5CE9A2D5AADD00030B692 /* PBXFileSystemSynchronizedBuildFileExceptionSet */ = {
			isa = PBXFileSystemSynchronizedBuildFileExceptionSet;
			membershipExceptions = (
				FirestoreService.swift,
			);
			target = 03010BCE2CB0C5CF004095FB /* StressShield */;
		};
		D4185E632D516E9300D187D4 /* PBXFileSystemSynchronizedBuildFileExceptionSet */ = {
			isa = PBXFileSystemSynchronizedBuildFileExceptionSet;
			membershipExceptions = (
				brainSample.jpg,
				sampleVid.mp4,
			);
			target = 03010BCE2CB0C5CF004095FB /* StressShield */;
		};
/* End PBXFileSystemSynchronizedBuildFileExceptionSet section */

/* Begin PBXFileSystemSynchronizedRootGroup section */
		5FC5CE952D59D8780030B692 /* Services */ = {isa = PBXFileSystemSynchronizedRootGroup; exceptions = (5FC5CE9A2D5AADD00030B692 /* PBXFileSystemSynchronizedBuildFileExceptionSet */, ); explicitFileTypes = {}; explicitFolders = (); path = Services; sourceTree = "<group>"; };
		D4185E602D516E7700D187D4 /* Resources */ = {isa = PBXFileSystemSynchronizedRootGroup; exceptions = (D4185E632D516E9300D187D4 /* PBXFileSystemSynchronizedBuildFileExceptionSet */, ); explicitFileTypes = {}; explicitFolders = (); path = Resources; sourceTree = "<group>"; };
/* End PBXFileSystemSynchronizedRootGroup section */

/* Begin PBXFrameworksBuildPhase section */
		03010BCC2CB0C5CF004095FB /* Frameworks */ = {
			isa = PBXFrameworksBuildPhase;
			buildActionMask = 2147483647;
			files = (
				D4185E8D2D7ED64000D187D4 /* SDWebImageSwiftUI in Frameworks */,
				D4185E8F2D7EDC3600D187D4 /* FirebaseStorage in Frameworks */,
				03010BE32CB0C741004095FB /* FirebaseAuth in Frameworks */,
				03010BE52CB0C741004095FB /* FirebaseFirestore in Frameworks */,
			);
			runOnlyForDeploymentPostprocessing = 0;
		};
/* End PBXFrameworksBuildPhase section */

/* Begin PBXGroup section */
		03010BC62CB0C5CF004095FB = {
			isa = PBXGroup;
			children = (
				D45E07762CED2A0A0088AF4C /* Info.plist */,
				03010BD12CB0C5CF004095FB /* StressShield */,
				03010BD02CB0C5CF004095FB /* Products */,
			);
			sourceTree = "<group>";
		};
		03010BD02CB0C5CF004095FB /* Products */ = {
			isa = PBXGroup;
			children = (
				03010BCF2CB0C5CF004095FB /* StressShield.app */,
			);
			name = Products;
			sourceTree = "<group>";
		};
		03010BD12CB0C5CF004095FB /* StressShield */ = {
			isa = PBXGroup;
			children = (
				5FC5CE952D59D8780030B692 /* Services */,
				D4185E602D516E7700D187D4 /* Resources */,
				D45E07722CED232E0088AF4C /* Info.plist */,
				03010BEF2CB0CD0D004095FB /* Other */,
				03010BEE2CB0CCF8004095FB /* Models */,
				03010BED2CB0CCE2004095FB /* ViewModels */,
				03010BEC2CB0CCC8004095FB /* Views */,
				03010BD82CB0C5D0004095FB /* StressShield.entitlements */,
				03010BD92CB0C5D0004095FB /* Preview Content */,
			);
			path = StressShield;
			sourceTree = "<group>";
		};
		03010BD92CB0C5D0004095FB /* Preview Content */ = {
			isa = PBXGroup;
			children = (
				03010BDA2CB0C5D0004095FB /* Preview Assets.xcassets */,
			);
			path = "Preview Content";
			sourceTree = "<group>";
		};
		03010BEC2CB0CCC8004095FB /* Views */ = {
			isa = PBXGroup;
			children = (
				D4185E922D7FB95E00D187D4 /* FirebaseLessonView.swift */,
				D4185E7D2D6C417A00D187D4 /* FirebaseModuleView.swift */,
				D4185E6B2D5561D900D187D4 /* UpcomingLessonsView.swift */,
				D4185E682D55605E00D187D4 /* AICoachView.swift */,
				D4185E5E2D507D4000D187D4 /* LessonPageView.swift */,
				D4185E5C2D507CA900D187D4 /* LessonView.swift */,
				D466682A2CED1083007FFD5D /* TemporaryHealthView.swift */,
				03010BD42CB0C5CF004095FB /* MainView.swift */,
				03010BF22CB0D0EF004095FB /* RegisterView.swift */,
				03010BF02CB0D0C1004095FB /* LoginView.swift */,
				03E7C4792CB1B72000643027 /* MainMenuView.swift */,
				03E7C47B2CB1C32500643027 /* ProfileView.swift */,
				035615C42CDAACD000FEFF1C /* DataAnalyticsView.swift */,
				035615C62CDAACD900FEFF1C /* LearnView.swift */,
				035615C82CDAACE700FEFF1C /* CalendarView.swift */,
				0306C4B82D6E3A1C0068052A /* TutorialView.swift */,
				0306C4BC2D6E3AB50068052A /* TutorialPage.swift */,
				037762C52D7A00CA00AA4FCE /* DashboardView.swift */,
				037762D32D7A5BFF00AA4FCE /* CheckInView.swift */,
			);
			path = Views;
			sourceTree = "<group>";
		};
		03010BED2CB0CCE2004095FB /* ViewModels */ = {
			isa = PBXGroup;
			children = (
				D411E8472D80F07F00FAFDF7 /* DataViewModel.swift */,
				D4185E902D7F610400D187D4 /* FirebaseLessonViewModel.swift */,
				D4185E892D76E24A00D187D4 /* ModuleViewModel.swift */,
				D4185E852D72379300D187D4 /* FirebaseVM.swift */,
				5FC5CE972D59D9900030B692 /* LessonViewModel.swift */,
				D46668282CED1073007FFD5D /* HealthViewModel.swift */,
				03010BFA2CB0D171004095FB /* MainViewVM.swift */,
				03010BF62CB0D150004095FB /* RegisterViewVM.swift */,
				03010BF82CB0D15A004095FB /* LoginViewVM.swift */,
				03E7C47D2CB1C3AF00643027 /* ProfileViewVM.swift */,
			);
			path = ViewModels;
			sourceTree = "<group>";
		};
		03010BEE2CB0CCF8004095FB /* Models */ = {
			isa = PBXGroup;
			children = (
				D4185E812D7107DD00D187D4 /* FirebaseDocumentClasses.swift */,
				D4185E7F2D70201000D187D4 /* FirebaseTools.swift */,
				5FC5CE932D5961690030B692 /* LessonProgress.swift */,
				D4185E5A2D507BBC00D187D4 /* LessonModel.swift */,
				D46668262CED1010007FFD5D /* HealthDataManager.swift */,
				03010BF42CB0D114004095FB /* User.swift */,
			);
			path = Models;
			sourceTree = "<group>";
		};
		03010BEF2CB0CD0D004095FB /* Other */ = {
			isa = PBXGroup;
			children = (
				03010BEA2CB0C875004095FB /* GoogleService-Info.plist */,
				03010BD22CB0C5CF004095FB /* StressShieldApp.swift */,
				03CFF95D2D6EC0AF00726D3C /* Logo.png */,
				03010BD62CB0C5D0004095FB /* Assets.xcassets */,
				03E7C4772CB1B3C900643027 /* Extensions.swift */,
			);
			path = Other;
			sourceTree = "<group>";
		};
/* End PBXGroup section */

/* Begin PBXNativeTarget section */
		03010BCE2CB0C5CF004095FB /* StressShield */ = {
			isa = PBXNativeTarget;
			buildConfigurationList = 03010BDE2CB0C5D0004095FB /* Build configuration list for PBXNativeTarget "StressShield" */;
			buildPhases = (
				03010BCB2CB0C5CF004095FB /* Sources */,
				03010BCC2CB0C5CF004095FB /* Frameworks */,
				03010BCD2CB0C5CF004095FB /* Resources */,
			);
			buildRules = (
			);
			dependencies = (
			);
			name = StressShield;
			packageProductDependencies = (
				03010BE22CB0C741004095FB /* FirebaseAuth */,
				03010BE42CB0C741004095FB /* FirebaseFirestore */,
				D4185E8C2D7ED64000D187D4 /* SDWebImageSwiftUI */,
				D4185E8E2D7EDC3600D187D4 /* FirebaseStorage */,
			);
			productName = StressShield;
			productReference = 03010BCF2CB0C5CF004095FB /* StressShield.app */;
			productType = "com.apple.product-type.application";
		};
/* End PBXNativeTarget section */

/* Begin PBXProject section */
		03010BC72CB0C5CF004095FB /* Project object */ = {
			isa = PBXProject;
			attributes = {
				BuildIndependentTargetsInParallel = 1;
				LastSwiftUpdateCheck = 1540;
				LastUpgradeCheck = 1540;
				TargetAttributes = {
					03010BCE2CB0C5CF004095FB = {
						CreatedOnToolsVersion = 15.4;
					};
				};
			};
			buildConfigurationList = 03010BCA2CB0C5CF004095FB /* Build configuration list for PBXProject "StressShield" */;
			compatibilityVersion = "Xcode 14.0";
			developmentRegion = en;
			hasScannedForEncodings = 0;
			knownRegions = (
				en,
				Base,
			);
			mainGroup = 03010BC62CB0C5CF004095FB;
			packageReferences = (
				03010BE12CB0C649004095FB /* XCRemoteSwiftPackageReference "firebase-ios-sdk" */,
				D4185E8B2D7ED64000D187D4 /* XCRemoteSwiftPackageReference "SDWebImageSwiftUI" */,
			);
			productRefGroup = 03010BD02CB0C5CF004095FB /* Products */;
			projectDirPath = "";
			projectRoot = "";
			targets = (
				03010BCE2CB0C5CF004095FB /* StressShield */,
			);
		};
/* End PBXProject section */

/* Begin PBXResourcesBuildPhase section */
		03010BCD2CB0C5CF004095FB /* Resources */ = {
			isa = PBXResourcesBuildPhase;
			buildActionMask = 2147483647;
			files = (
				03010BDB2CB0C5D0004095FB /* Preview Assets.xcassets in Resources */,
				03010BD72CB0C5D0004095FB /* Assets.xcassets in Resources */,
				03CFF95E2D6EC0AF00726D3C /* Logo.png in Resources */,
				D45E07782CED2CC30088AF4C /* GoogleService-Info.plist in Resources */,
			);
			runOnlyForDeploymentPostprocessing = 0;
		};
/* End PBXResourcesBuildPhase section */

/* Begin PBXSourcesBuildPhase section */
		03010BCB2CB0C5CF004095FB /* Sources */ = {
			isa = PBXSourcesBuildPhase;
			buildActionMask = 2147483647;
			files = (
				03E7C47A2CB1B72000643027 /* MainMenuView.swift in Sources */,
				035615C72CDAACD900FEFF1C /* LearnView.swift in Sources */,
				03010BF72CB0D150004095FB /* RegisterViewVM.swift in Sources */,
				03E7C4782CB1B3C900643027 /* Extensions.swift in Sources */,
				03010BF12CB0D0C1004095FB /* LoginView.swift in Sources */,
				D4185E862D72379D00D187D4 /* FirebaseVM.swift in Sources */,
				D46668292CED1073007FFD5D /* HealthViewModel.swift in Sources */,
				D4185E932D7FB96F00D187D4 /* FirebaseLessonView.swift in Sources */,
				D4185E7E2D6C418300D187D4 /* FirebaseModuleView.swift in Sources */,
				035615C92CDAACE700FEFF1C /* CalendarView.swift in Sources */,
				5FC5CE982D59D99D0030B692 /* LessonViewModel.swift in Sources */,
				D4185E5F2D507D5B00D187D4 /* LessonPageView.swift in Sources */,
				5FC5CE942D5961700030B692 /* LessonProgress.swift in Sources */,
				D4185E802D70202300D187D4 /* FirebaseTools.swift in Sources */,
				0306C4BD2D6E3AB50068052A /* TutorialPage.swift in Sources */,
				D4185E6C2D5561E100D187D4 /* UpcomingLessonsView.swift in Sources */,
				03010BF32CB0D0EF004095FB /* RegisterView.swift in Sources */,
				D4185E5D2D507CAF00D187D4 /* LessonView.swift in Sources */,
				03E7C47E2CB1C3AF00643027 /* ProfileViewVM.swift in Sources */,
				D4185E912D7F612500D187D4 /* FirebaseLessonViewModel.swift in Sources */,
				03010BD52CB0C5CF004095FB /* MainView.swift in Sources */,
				D411E8482D80F07F00FAFDF7 /* DataViewModel.swift in Sources */,
				D4185E5B2D507BC900D187D4 /* LessonModel.swift in Sources */,
				03010BF52CB0D114004095FB /* User.swift in Sources */,
				D4185E8A2D76E25100D187D4 /* ModuleViewModel.swift in Sources */,
				037762C62D7A00CA00AA4FCE /* DashboardView.swift in Sources */,
				037762D42D7A5BFF00AA4FCE /* CheckInView.swift in Sources */,
				03010BF92CB0D15A004095FB /* LoginViewVM.swift in Sources */,
				D466682B2CED1083007FFD5D /* TemporaryHealthView.swift in Sources */,
				03010BFB2CB0D171004095FB /* MainViewVM.swift in Sources */,
				035615C52CDAACD000FEFF1C /* DataAnalyticsView.swift in Sources */,
				D46668272CED1010007FFD5D /* HealthDataManager.swift in Sources */,
				D4185E822D7107EE00D187D4 /* FirebaseDocumentClasses.swift in Sources */,
				0306C4B92D6E3A1C0068052A /* TutorialView.swift in Sources */,
				D4185E692D55606F00D187D4 /* AICoachView.swift in Sources */,
				03E7C47C2CB1C32500643027 /* ProfileView.swift in Sources */,
				03010BD32CB0C5CF004095FB /* StressShieldApp.swift in Sources */,
			);
			runOnlyForDeploymentPostprocessing = 0;
		};
/* End PBXSourcesBuildPhase section */

/* Begin XCBuildConfiguration section */
		03010BDC2CB0C5D0004095FB /* Debug */ = {
			isa = XCBuildConfiguration;
			buildSettings = {
				ALWAYS_SEARCH_USER_PATHS = NO;
				ASSETCATALOG_COMPILER_GENERATE_SWIFT_ASSET_SYMBOL_EXTENSIONS = YES;
				CLANG_ANALYZER_NONNULL = YES;
				CLANG_ANALYZER_NUMBER_OBJECT_CONVERSION = YES_AGGRESSIVE;
				CLANG_CXX_LANGUAGE_STANDARD = "gnu++20";
				CLANG_ENABLE_MODULES = YES;
				CLANG_ENABLE_OBJC_ARC = YES;
				CLANG_ENABLE_OBJC_WEAK = YES;
				CLANG_WARN_BLOCK_CAPTURE_AUTORELEASING = YES;
				CLANG_WARN_BOOL_CONVERSION = YES;
				CLANG_WARN_COMMA = YES;
				CLANG_WARN_CONSTANT_CONVERSION = YES;
				CLANG_WARN_DEPRECATED_OBJC_IMPLEMENTATIONS = YES;
				CLANG_WARN_DIRECT_OBJC_ISA_USAGE = YES_ERROR;
				CLANG_WARN_DOCUMENTATION_COMMENTS = YES;
				CLANG_WARN_EMPTY_BODY = YES;
				CLANG_WARN_ENUM_CONVERSION = YES;
				CLANG_WARN_INFINITE_RECURSION = YES;
				CLANG_WARN_INT_CONVERSION = YES;
				CLANG_WARN_NON_LITERAL_NULL_CONVERSION = YES;
				CLANG_WARN_OBJC_IMPLICIT_RETAIN_SELF = YES;
				CLANG_WARN_OBJC_LITERAL_CONVERSION = YES;
				CLANG_WARN_OBJC_ROOT_CLASS = YES_ERROR;
				CLANG_WARN_QUOTED_INCLUDE_IN_FRAMEWORK_HEADER = YES;
				CLANG_WARN_RANGE_LOOP_ANALYSIS = YES;
				CLANG_WARN_STRICT_PROTOTYPES = YES;
				CLANG_WARN_SUSPICIOUS_MOVE = YES;
				CLANG_WARN_UNGUARDED_AVAILABILITY = YES_AGGRESSIVE;
				CLANG_WARN_UNREACHABLE_CODE = YES;
				CLANG_WARN__DUPLICATE_METHOD_MATCH = YES;
				COPY_PHASE_STRIP = NO;
				DEBUG_INFORMATION_FORMAT = dwarf;
				ENABLE_STRICT_OBJC_MSGSEND = YES;
				ENABLE_TESTABILITY = YES;
				ENABLE_USER_SCRIPT_SANDBOXING = YES;
				GCC_C_LANGUAGE_STANDARD = gnu17;
				GCC_DYNAMIC_NO_PIC = NO;
				GCC_NO_COMMON_BLOCKS = YES;
				GCC_OPTIMIZATION_LEVEL = 0;
				GCC_PREPROCESSOR_DEFINITIONS = (
					"DEBUG=1",
					"$(inherited)",
				);
				GCC_WARN_64_TO_32_BIT_CONVERSION = YES;
				GCC_WARN_ABOUT_RETURN_TYPE = YES_ERROR;
				GCC_WARN_UNDECLARED_SELECTOR = YES;
				GCC_WARN_UNINITIALIZED_AUTOS = YES_AGGRESSIVE;
				GCC_WARN_UNUSED_FUNCTION = YES;
				GCC_WARN_UNUSED_VARIABLE = YES;
				"INFOPLIST_FILE[sdk=*]" = "$(SRCROOT)/StressShield/Info.plist";
				LOCALIZATION_PREFERS_STRING_CATALOGS = YES;
				MTL_ENABLE_DEBUG_INFO = INCLUDE_SOURCE;
				MTL_FAST_MATH = YES;
				ONLY_ACTIVE_ARCH = YES;
				SWIFT_ACTIVE_COMPILATION_CONDITIONS = "DEBUG $(inherited)";
				SWIFT_OPTIMIZATION_LEVEL = "-Onone";
			};
			name = Debug;
		};
		03010BDD2CB0C5D0004095FB /* Release */ = {
			isa = XCBuildConfiguration;
			buildSettings = {
				ALWAYS_SEARCH_USER_PATHS = NO;
				ASSETCATALOG_COMPILER_GENERATE_SWIFT_ASSET_SYMBOL_EXTENSIONS = YES;
				CLANG_ANALYZER_NONNULL = YES;
				CLANG_ANALYZER_NUMBER_OBJECT_CONVERSION = YES_AGGRESSIVE;
				CLANG_CXX_LANGUAGE_STANDARD = "gnu++20";
				CLANG_ENABLE_MODULES = YES;
				CLANG_ENABLE_OBJC_ARC = YES;
				CLANG_ENABLE_OBJC_WEAK = YES;
				CLANG_WARN_BLOCK_CAPTURE_AUTORELEASING = YES;
				CLANG_WARN_BOOL_CONVERSION = YES;
				CLANG_WARN_COMMA = YES;
				CLANG_WARN_CONSTANT_CONVERSION = YES;
				CLANG_WARN_DEPRECATED_OBJC_IMPLEMENTATIONS = YES;
				CLANG_WARN_DIRECT_OBJC_ISA_USAGE = YES_ERROR;
				CLANG_WARN_DOCUMENTATION_COMMENTS = YES;
				CLANG_WARN_EMPTY_BODY = YES;
				CLANG_WARN_ENUM_CONVERSION = YES;
				CLANG_WARN_INFINITE_RECURSION = YES;
				CLANG_WARN_INT_CONVERSION = YES;
				CLANG_WARN_NON_LITERAL_NULL_CONVERSION = YES;
				CLANG_WARN_OBJC_IMPLICIT_RETAIN_SELF = YES;
				CLANG_WARN_OBJC_LITERAL_CONVERSION = YES;
				CLANG_WARN_OBJC_ROOT_CLASS = YES_ERROR;
				CLANG_WARN_QUOTED_INCLUDE_IN_FRAMEWORK_HEADER = YES;
				CLANG_WARN_RANGE_LOOP_ANALYSIS = YES;
				CLANG_WARN_STRICT_PROTOTYPES = YES;
				CLANG_WARN_SUSPICIOUS_MOVE = YES;
				CLANG_WARN_UNGUARDED_AVAILABILITY = YES_AGGRESSIVE;
				CLANG_WARN_UNREACHABLE_CODE = YES;
				CLANG_WARN__DUPLICATE_METHOD_MATCH = YES;
				COPY_PHASE_STRIP = NO;
				DEBUG_INFORMATION_FORMAT = "dwarf-with-dsym";
				ENABLE_NS_ASSERTIONS = NO;
				ENABLE_STRICT_OBJC_MSGSEND = YES;
				ENABLE_USER_SCRIPT_SANDBOXING = YES;
				GCC_C_LANGUAGE_STANDARD = gnu17;
				GCC_NO_COMMON_BLOCKS = YES;
				GCC_WARN_64_TO_32_BIT_CONVERSION = YES;
				GCC_WARN_ABOUT_RETURN_TYPE = YES_ERROR;
				GCC_WARN_UNDECLARED_SELECTOR = YES;
				GCC_WARN_UNINITIALIZED_AUTOS = YES_AGGRESSIVE;
				GCC_WARN_UNUSED_FUNCTION = YES;
				GCC_WARN_UNUSED_VARIABLE = YES;
				"INFOPLIST_FILE[sdk=*]" = "$(SRCROOT)/StressShield/Info.plist";
				LOCALIZATION_PREFERS_STRING_CATALOGS = YES;
				MTL_ENABLE_DEBUG_INFO = NO;
				MTL_FAST_MATH = YES;
				SWIFT_COMPILATION_MODE = wholemodule;
			};
			name = Release;
		};
		03010BDF2CB0C5D0004095FB /* Debug */ = {
			isa = XCBuildConfiguration;
			buildSettings = {
				ASSETCATALOG_COMPILER_APPICON_NAME = AppIcon;
				ASSETCATALOG_COMPILER_GLOBAL_ACCENT_COLOR_NAME = AccentColor;
				CODE_SIGN_ENTITLEMENTS = StressShield/StressShield.entitlements;
				CODE_SIGN_IDENTITY = "Apple Development";
				CODE_SIGN_STYLE = Automatic;
				CURRENT_PROJECT_VERSION = 1;
				DEVELOPMENT_ASSET_PATHS = "\"StressShield/Preview Content\"";
				DEVELOPMENT_TEAM = 45P8B55P6J;
				ENABLE_PREVIEWS = YES;
				GENERATE_INFOPLIST_FILE = YES;
				INFOPLIST_KEY_CFBundleDisplayName = "Stress Shield";
				INFOPLIST_KEY_NSHealthShareUsageDescription = "This app requires access to your health data to monitor and analyze your health metrics.";
				INFOPLIST_KEY_NSHealthUpdateUsageDescription = "This app needs permission to update your health metrics based on your activity.";
				"INFOPLIST_KEY_UIApplicationSceneManifest_Generation[sdk=iphoneos*]" = YES;
				"INFOPLIST_KEY_UIApplicationSceneManifest_Generation[sdk=iphonesimulator*]" = YES;
				"INFOPLIST_KEY_UIApplicationSupportsIndirectInputEvents[sdk=iphoneos*]" = YES;
				"INFOPLIST_KEY_UIApplicationSupportsIndirectInputEvents[sdk=iphonesimulator*]" = YES;
				"INFOPLIST_KEY_UILaunchScreen_Generation[sdk=iphoneos*]" = YES;
				"INFOPLIST_KEY_UILaunchScreen_Generation[sdk=iphonesimulator*]" = YES;
				INFOPLIST_KEY_UIRequiredDeviceCapabilities = armv7;
				"INFOPLIST_KEY_UIStatusBarStyle[sdk=iphoneos*]" = UIStatusBarStyleDefault;
				"INFOPLIST_KEY_UIStatusBarStyle[sdk=iphonesimulator*]" = UIStatusBarStyleDefault;
				INFOPLIST_KEY_UISupportedInterfaceOrientations = UIInterfaceOrientationPortrait;
				INFOPLIST_KEY_UISupportedInterfaceOrientations_iPad = "UIInterfaceOrientationPortrait UIInterfaceOrientationPortraitUpsideDown";
				IPHONEOS_DEPLOYMENT_TARGET = 17.5;
				LD_RUNPATH_SEARCH_PATHS = "@executable_path/Frameworks";
				"LD_RUNPATH_SEARCH_PATHS[sdk=macosx*]" = "@executable_path/../Frameworks";
				MACOSX_DEPLOYMENT_TARGET = 14.5;
				MARKETING_VERSION = 1.0;
				PRODUCT_BUNDLE_IDENTIFIER = com.MyPrecisionEdige.StressShieldApp;
				PRODUCT_NAME = "$(TARGET_NAME)";
				PROVISIONING_PROFILE_SPECIFIER = "";
				SDKROOT = auto;
				SUPPORTED_PLATFORMS = "iphoneos iphonesimulator";
				SUPPORTS_MACCATALYST = NO;
				SWIFT_EMIT_LOC_STRINGS = YES;
				SWIFT_VERSION = 5.0;
				TARGETED_DEVICE_FAMILY = "1,2";
			};
			name = Debug;
		};
		03010BE02CB0C5D0004095FB /* Release */ = {
			isa = XCBuildConfiguration;
			buildSettings = {
				ASSETCATALOG_COMPILER_APPICON_NAME = AppIcon;
				ASSETCATALOG_COMPILER_GLOBAL_ACCENT_COLOR_NAME = AccentColor;
				CODE_SIGN_ENTITLEMENTS = StressShield/StressShield.entitlements;
				CODE_SIGN_IDENTITY = "Apple Development";
				CODE_SIGN_STYLE = Automatic;
				CURRENT_PROJECT_VERSION = 1;
				DEVELOPMENT_ASSET_PATHS = "\"StressShield/Preview Content\"";
				DEVELOPMENT_TEAM = 45P8B55P6J;
				ENABLE_PREVIEWS = YES;
				GENERATE_INFOPLIST_FILE = YES;
				INFOPLIST_KEY_CFBundleDisplayName = "Stress Shield";
				INFOPLIST_KEY_NSHealthShareUsageDescription = "This app requires access to your health data to monitor and analyze your health metrics.";
				INFOPLIST_KEY_NSHealthUpdateUsageDescription = "This app needs permission to update your health metrics based on your activity.";
				"INFOPLIST_KEY_UIApplicationSceneManifest_Generation[sdk=iphoneos*]" = YES;
				"INFOPLIST_KEY_UIApplicationSceneManifest_Generation[sdk=iphonesimulator*]" = YES;
				"INFOPLIST_KEY_UIApplicationSupportsIndirectInputEvents[sdk=iphoneos*]" = YES;
				"INFOPLIST_KEY_UIApplicationSupportsIndirectInputEvents[sdk=iphonesimulator*]" = YES;
				"INFOPLIST_KEY_UILaunchScreen_Generation[sdk=iphoneos*]" = YES;
				"INFOPLIST_KEY_UILaunchScreen_Generation[sdk=iphonesimulator*]" = YES;
				INFOPLIST_KEY_UIRequiredDeviceCapabilities = armv7;
				"INFOPLIST_KEY_UIStatusBarStyle[sdk=iphoneos*]" = UIStatusBarStyleDefault;
				"INFOPLIST_KEY_UIStatusBarStyle[sdk=iphonesimulator*]" = UIStatusBarStyleDefault;
				INFOPLIST_KEY_UISupportedInterfaceOrientations = UIInterfaceOrientationPortrait;
				INFOPLIST_KEY_UISupportedInterfaceOrientations_iPad = "UIInterfaceOrientationPortrait UIInterfaceOrientationPortraitUpsideDown";
				IPHONEOS_DEPLOYMENT_TARGET = 17.5;
				LD_RUNPATH_SEARCH_PATHS = "@executable_path/Frameworks";
				"LD_RUNPATH_SEARCH_PATHS[sdk=macosx*]" = "@executable_path/../Frameworks";
				MACOSX_DEPLOYMENT_TARGET = 14.5;
				MARKETING_VERSION = 1.0;
				PRODUCT_BUNDLE_IDENTIFIER = com.MyPrecisionEdige.StressShieldApp;
				PRODUCT_NAME = "$(TARGET_NAME)";
				PROVISIONING_PROFILE_SPECIFIER = "";
				SDKROOT = auto;
				SUPPORTED_PLATFORMS = "iphoneos iphonesimulator";
				SUPPORTS_MACCATALYST = NO;
				SWIFT_EMIT_LOC_STRINGS = YES;
				SWIFT_VERSION = 5.0;
				TARGETED_DEVICE_FAMILY = "1,2";
			};
			name = Release;
		};
/* End XCBuildConfiguration section */

/* Begin XCConfigurationList section */
		03010BCA2CB0C5CF004095FB /* Build configuration list for PBXProject "StressShield" */ = {
			isa = XCConfigurationList;
			buildConfigurations = (
				03010BDC2CB0C5D0004095FB /* Debug */,
				03010BDD2CB0C5D0004095FB /* Release */,
			);
			defaultConfigurationIsVisible = 0;
			defaultConfigurationName = Release;
		};
		03010BDE2CB0C5D0004095FB /* Build configuration list for PBXNativeTarget "StressShield" */ = {
			isa = XCConfigurationList;
			buildConfigurations = (
				03010BDF2CB0C5D0004095FB /* Debug */,
				03010BE02CB0C5D0004095FB /* Release */,
			);
			defaultConfigurationIsVisible = 0;
			defaultConfigurationName = Release;
		};
/* End XCConfigurationList section */

/* Begin XCRemoteSwiftPackageReference section */
		03010BE12CB0C649004095FB /* XCRemoteSwiftPackageReference "firebase-ios-sdk" */ = {
			isa = XCRemoteSwiftPackageReference;
			repositoryURL = "https://github.com/firebase/firebase-ios-sdk";
			requirement = {
				kind = upToNextMajorVersion;
				minimumVersion = 11.3.0;
			};
		};
		D4185E8B2D7ED64000D187D4 /* XCRemoteSwiftPackageReference "SDWebImageSwiftUI" */ = {
			isa = XCRemoteSwiftPackageReference;
			repositoryURL = "https://github.com/SDWebImage/SDWebImageSwiftUI.git";
			requirement = {
				kind = upToNextMajorVersion;
				minimumVersion = 3.1.3;
			};
		};
/* End XCRemoteSwiftPackageReference section */

/* Begin XCSwiftPackageProductDependency section */
		03010BE22CB0C741004095FB /* FirebaseAuth */ = {
			isa = XCSwiftPackageProductDependency;
			package = 03010BE12CB0C649004095FB /* XCRemoteSwiftPackageReference "firebase-ios-sdk" */;
			productName = FirebaseAuth;
		};
		03010BE42CB0C741004095FB /* FirebaseFirestore */ = {
			isa = XCSwiftPackageProductDependency;
			package = 03010BE12CB0C649004095FB /* XCRemoteSwiftPackageReference "firebase-ios-sdk" */;
			productName = FirebaseFirestore;
		};
		D4185E8C2D7ED64000D187D4 /* SDWebImageSwiftUI */ = {
			isa = XCSwiftPackageProductDependency;
			package = D4185E8B2D7ED64000D187D4 /* XCRemoteSwiftPackageReference "SDWebImageSwiftUI" */;
			productName = SDWebImageSwiftUI;
		};
		D4185E8E2D7EDC3600D187D4 /* FirebaseStorage */ = {
			isa = XCSwiftPackageProductDependency;
			productName = FirebaseStorage;
		};
/* End XCSwiftPackageProductDependency section */
	};
	rootObject = 03010BC72CB0C5CF004095FB /* Project object */;
}
